
Microsoft Visual Studio Solution File, Format Version 12.00
# Visual Studio 15
VisualStudioVersion = 15.0.28307.421
MinimumVisualStudioVersion = 10.0.40219.1
Project("{FAE04EC0-301F-11D3-BF4B-00C04F79EFBC}") = "TP_Gestion_Stock", "TP_Gestion_Stock\TP_Gestion_Stock.csproj", "{ED94B081-117A-45B0-A464-87C10245A11C}"
EndProject
Project("{FAE04EC0-301F-11D3-BF4B-00C04F79EFBC}") = "GestionStockWindowsForms", "GestionStockWindowsForms\GestionStockWindowsForms.csproj", "{D321AE19-6188-416B-87C9-39092328A1E3}"
EndProject
Global
	GlobalSection(SolutionConfigurationPlatforms) = preSolution
		Debug|Any CPU = Debug|Any CPU
		Release|Any CPU = Release|Any CPU
	EndGlobalSection
	GlobalSection(ProjectConfigurationPlatforms) = postSolution
		{ED94B081-117A-45B0-A464-87C10245A11C}.Debug|Any CPU.ActiveCfg = Debug|Any CPU
		{ED94B081-117A-45B0-A464-87C10245A11C}.Debug|Any CPU.Build.0 = Debug|Any CPU
		{ED94B081-117A-45B0-A464-87C10245A11C}.Release|Any CPU.ActiveCfg = Release|Any CPU
		{ED94B081-117A-45B0-A464-87C10245A11C}.Release|Any CPU.Build.0 = Release|Any CPU
		{D321AE19-6188-416B-87C9-39092328A1E3}.Debug|Any CPU.ActiveCfg = Debug|Any CPU
		{D321AE19-6188-416B-87C9-39092328A1E3}.Debug|Any CPU.Build.0 = Debug|Any CPU
		{D321AE19-6188-416B-87C9-39092328A1E3}.Release|Any CPU.ActiveCfg = Release|Any CPU
		{D321AE19-6188-416B-87C9-39092328A1E3}.Release|Any CPU.Build.0 = Release|Any CPU
	EndGlobalSection
	GlobalSection(SolutionProperties) = preSolution
		HideSolutionNode = FALSE
	EndGlobalSection
	GlobalSection(ExtensibilityGlobals) = postSolution
		SolutionGuid = {8BEB3377-E63C-41B4-851E-4E88AEAABE7A}
	EndGlobalSection
EndGlobal
